
Microsoft Visual Studio Solution File, Format Version 12.00
# Visual Studio 15
VisualStudioVersion = 15.0.26730.12
MinimumVisualStudioVersion = 10.0.40219.1
Project("{FAE04EC0-301F-11D3-BF4B-00C04F79EFBC}") = "Задание5", "Задание5\Задание5.csproj", "{D7B8E085-3630-4A3B-A783-1FEEFD0CEFE1}"
EndProject
Global
	GlobalSection(SolutionConfigurationPlatforms) = preSolution
		Debug|Any CPU = Debug|Any CPU
		Release|Any CPU = Release|Any CPU
	EndGlobalSection
	GlobalSection(ProjectConfigurationPlatforms) = postSolution
		{D7B8E085-3630-4A3B-A783-1FEEFD0CEFE1}.Debug|Any CPU.ActiveCfg = Debug|Any CPU
		{D7B8E085-3630-4A3B-A783-1FEEFD0CEFE1}.Debug|Any CPU.Build.0 = Debug|Any CPU
		{D7B8E085-3630-4A3B-A783-1FEEFD0CEFE1}.Release|Any CPU.ActiveCfg = Release|Any CPU
		{D7B8E085-3630-4A3B-A783-1FEEFD0CEFE1}.Release|Any CPU.Build.0 = Release|Any CPU
	EndGlobalSection
	GlobalSection(SolutionProperties) = preSolution
		HideSolutionNode = FALSE
	EndGlobalSection
	GlobalSection(ExtensibilityGlobals) = postSolution
		SolutionGuid = {EA00C54A-793E-400D-9D80-47122824A286}
	EndGlobalSection
EndGlobal
